
Microsoft Visual Studio Solution File, Format Version 12.00
# Visual Studio Version 17
VisualStudioVersion = 17.2.32616.157
MinimumVisualStudioVersion = 10.0.40219.1
Project("{FAE04EC0-301F-11D3-BF4B-00C04F79EFBC}") = "iktato", "iktato.csproj", "{6D99AD04-85F1-4FBB-857E-618B30870D2C}"
EndProject
Project("{2150E333-8FDC-42A3-9474-1A3956D46DE8}") = "Solution Items", "Solution Items", "{3CA7ED8C-26EC-451E-89BA-946550759B48}"
EndProject
Global
	GlobalSection(SolutionConfigurationPlatforms) = preSolution
		Debug|Any CPU = Debug|Any CPU
		Release|Any CPU = Release|Any CPU
	EndGlobalSection
	GlobalSection(ProjectConfigurationPlatforms) = postSolution
		{6D99AD04-85F1-4FBB-857E-618B30870D2C}.Debug|Any CPU.ActiveCfg = Debug|Any CPU
		{6D99AD04-85F1-4FBB-857E-618B30870D2C}.Debug|Any CPU.Build.0 = Debug|Any CPU
		{6D99AD04-85F1-4FBB-857E-618B30870D2C}.Release|Any CPU.ActiveCfg = Release|Any CPU
		{6D99AD04-85F1-4FBB-857E-618B30870D2C}.Release|Any CPU.Build.0 = Release|Any CPU
	EndGlobalSection
	GlobalSection(SolutionProperties) = preSolution
		HideSolutionNode = FALSE
	EndGlobalSection
	GlobalSection(ExtensibilityGlobals) = postSolution
		SolutionGuid = {9C772F16-6C1D-48F9-9F1E-155DE7337675}
	EndGlobalSection
EndGlobal
